
Microsoft Visual Studio Solution File, Format Version 12.00
# Visual Studio Version 17
VisualStudioVersion = 17.8.34525.116
MinimumVisualStudioVersion = 10.0.40219.1
Project("{9A19103F-16F7-4668-BE54-9A1E7A4F7556}") = "1. Entity Intro", "1. Entity Intro\1. Entity Intro.csproj", "{E4531FF4-F18A-4509-AB2E-93F62781E02F}"
EndProject
Project("{9A19103F-16F7-4668-BE54-9A1E7A4F7556}") = "Country", "Country\Country.csproj", "{565A525F-E61D-4291-A801-0E7E2690C5E7}"
EndProject
Project("{FAE04EC0-301F-11D3-BF4B-00C04F79EFBC}") = "CountryDbContext", "CountryDbContext\CountryDbContext.csproj", "{1DDF165D-A3AB-409D-A4C3-6DA6D8BDA9BB}"
EndProject
Global
	GlobalSection(SolutionConfigurationPlatforms) = preSolution
		Debug|Any CPU = Debug|Any CPU
		Release|Any CPU = Release|Any CPU
	EndGlobalSection
	GlobalSection(ProjectConfigurationPlatforms) = postSolution
		{E4531FF4-F18A-4509-AB2E-93F62781E02F}.Debug|Any CPU.ActiveCfg = Debug|Any CPU
		{E4531FF4-F18A-4509-AB2E-93F62781E02F}.Debug|Any CPU.Build.0 = Debug|Any CPU
		{E4531FF4-F18A-4509-AB2E-93F62781E02F}.Release|Any CPU.ActiveCfg = Release|Any CPU
		{E4531FF4-F18A-4509-AB2E-93F62781E02F}.Release|Any CPU.Build.0 = Release|Any CPU
		{565A525F-E61D-4291-A801-0E7E2690C5E7}.Debug|Any CPU.ActiveCfg = Debug|Any CPU
		{565A525F-E61D-4291-A801-0E7E2690C5E7}.Debug|Any CPU.Build.0 = Debug|Any CPU
		{565A525F-E61D-4291-A801-0E7E2690C5E7}.Release|Any CPU.ActiveCfg = Release|Any CPU
		{565A525F-E61D-4291-A801-0E7E2690C5E7}.Release|Any CPU.Build.0 = Release|Any CPU
		{1DDF165D-A3AB-409D-A4C3-6DA6D8BDA9BB}.Debug|Any CPU.ActiveCfg = Debug|Any CPU
		{1DDF165D-A3AB-409D-A4C3-6DA6D8BDA9BB}.Debug|Any CPU.Build.0 = Debug|Any CPU
		{1DDF165D-A3AB-409D-A4C3-6DA6D8BDA9BB}.Release|Any CPU.ActiveCfg = Release|Any CPU
		{1DDF165D-A3AB-409D-A4C3-6DA6D8BDA9BB}.Release|Any CPU.Build.0 = Release|Any CPU
	EndGlobalSection
	GlobalSection(SolutionProperties) = preSolution
		HideSolutionNode = FALSE
	EndGlobalSection
	GlobalSection(ExtensibilityGlobals) = postSolution
		SolutionGuid = {DBE6DB17-46D6-4A86-9D60-4583DE3464BD}
	EndGlobalSection
EndGlobal
